
Microsoft Visual Studio Solution File, Format Version 12.00
# Visual Studio 15
VisualStudioVersion = 15.0.28010.2050
MinimumVisualStudioVersion = 10.0.40219.1
Project("{FAE04EC0-301F-11D3-BF4B-00C04F79EFBC}") = "Mekatronik Projesi", "Mekatronik Projesi\Mekatronik Projesi.csproj", "{673AC031-B5F3-4B61-BECD-067B374C1453}"
EndProject
Global
	GlobalSection(SolutionConfigurationPlatforms) = preSolution
		Debug|Any CPU = Debug|Any CPU
		Release|Any CPU = Release|Any CPU
	EndGlobalSection
	GlobalSection(ProjectConfigurationPlatforms) = postSolution
		{673AC031-B5F3-4B61-BECD-067B374C1453}.Debug|Any CPU.ActiveCfg = Debug|Any CPU
		{673AC031-B5F3-4B61-BECD-067B374C1453}.Debug|Any CPU.Build.0 = Debug|Any CPU
		{673AC031-B5F3-4B61-BECD-067B374C1453}.Release|Any CPU.ActiveCfg = Release|Any CPU
		{673AC031-B5F3-4B61-BECD-067B374C1453}.Release|Any CPU.Build.0 = Release|Any CPU
	EndGlobalSection
	GlobalSection(SolutionProperties) = preSolution
		HideSolutionNode = FALSE
	EndGlobalSection
	GlobalSection(ExtensibilityGlobals) = postSolution
		SolutionGuid = {970017B2-61CD-49BF-9BE9-F2C819BCD0FC}
	EndGlobalSection
EndGlobal
